
Microsoft Visual Studio Solution File, Format Version 12.00
# Visual Studio Version 17
VisualStudioVersion = 17.11.35303.130
MinimumVisualStudioVersion = 10.0.40219.1
Project("{FAE04EC0-301F-11D3-BF4B-00C04F79EFBC}") = "Demo_DI_AmbientContext", "Demo_DI_AmbientContext\Demo_DI_AmbientContext.csproj", "{D9642AAC-99B6-4D52-92EA-33B3031F00AB}"
EndProject
Global
	GlobalSection(SolutionConfigurationPlatforms) = preSolution
		Debug|Any CPU = Debug|Any CPU
		Release|Any CPU = Release|Any CPU
	EndGlobalSection
	GlobalSection(ProjectConfigurationPlatforms) = postSolution
		{D9642AAC-99B6-4D52-92EA-33B3031F00AB}.Debug|Any CPU.ActiveCfg = Debug|Any CPU
		{D9642AAC-99B6-4D52-92EA-33B3031F00AB}.Debug|Any CPU.Build.0 = Debug|Any CPU
		{D9642AAC-99B6-4D52-92EA-33B3031F00AB}.Release|Any CPU.ActiveCfg = Release|Any CPU
		{D9642AAC-99B6-4D52-92EA-33B3031F00AB}.Release|Any CPU.Build.0 = Release|Any CPU
	EndGlobalSection
	GlobalSection(SolutionProperties) = preSolution
		HideSolutionNode = FALSE
	EndGlobalSection
	GlobalSection(ExtensibilityGlobals) = postSolution
		SolutionGuid = {8B121FF1-0D2C-4C20-9A40-38979208694D}
	EndGlobalSection
EndGlobal
