
Microsoft Visual Studio Solution File, Format Version 12.00
# Visual Studio Version 17
VisualStudioVersion = 17.11.35303.130
MinimumVisualStudioVersion = 10.0.40219.1
Project("{FAE04EC0-301F-11D3-BF4B-00C04F79EFBC}") = "URIs Demo", "URIs Demo\URIs Demo.csproj", "{87B91E47-A83B-4746-BCBC-56A0C79FF6E6}"
EndProject
Global
	GlobalSection(SolutionConfigurationPlatforms) = preSolution
		Debug|Any CPU = Debug|Any CPU
		Release|Any CPU = Release|Any CPU
	EndGlobalSection
	GlobalSection(ProjectConfigurationPlatforms) = postSolution
		{87B91E47-A83B-4746-BCBC-56A0C79FF6E6}.Debug|Any CPU.ActiveCfg = Debug|Any CPU
		{87B91E47-A83B-4746-BCBC-56A0C79FF6E6}.Debug|Any CPU.Build.0 = Debug|Any CPU
		{87B91E47-A83B-4746-BCBC-56A0C79FF6E6}.Release|Any CPU.ActiveCfg = Release|Any CPU
		{87B91E47-A83B-4746-BCBC-56A0C79FF6E6}.Release|Any CPU.Build.0 = Release|Any CPU
	EndGlobalSection
	GlobalSection(SolutionProperties) = preSolution
		HideSolutionNode = FALSE
	EndGlobalSection
	GlobalSection(ExtensibilityGlobals) = postSolution
		SolutionGuid = {A728FAA3-115D-480F-876A-11F1039E4F3E}
	EndGlobalSection
EndGlobal
