
Microsoft Visual Studio Solution File, Format Version 12.00
# Visual Studio Version 17
VisualStudioVersion = 17.11.35303.130
MinimumVisualStudioVersion = 10.0.40219.1
Project("{FAE04EC0-301F-11D3-BF4B-00C04F79EFBC}") = "IoC_Pattern_Demo", "IoC_Pattern_Demo\IoC_Pattern_Demo.csproj", "{C1F75B8D-4EF8-41DD-B462-3930AAE1DC00}"
EndProject
Global
	GlobalSection(SolutionConfigurationPlatforms) = preSolution
		Debug|Any CPU = Debug|Any CPU
		Release|Any CPU = Release|Any CPU
	EndGlobalSection
	GlobalSection(ProjectConfigurationPlatforms) = postSolution
		{C1F75B8D-4EF8-41DD-B462-3930AAE1DC00}.Debug|Any CPU.ActiveCfg = Debug|Any CPU
		{C1F75B8D-4EF8-41DD-B462-3930AAE1DC00}.Debug|Any CPU.Build.0 = Debug|Any CPU
		{C1F75B8D-4EF8-41DD-B462-3930AAE1DC00}.Release|Any CPU.ActiveCfg = Release|Any CPU
		{C1F75B8D-4EF8-41DD-B462-3930AAE1DC00}.Release|Any CPU.Build.0 = Release|Any CPU
	EndGlobalSection
	GlobalSection(SolutionProperties) = preSolution
		HideSolutionNode = FALSE
	EndGlobalSection
	GlobalSection(ExtensibilityGlobals) = postSolution
		SolutionGuid = {6299CDDD-5D24-4546-859E-0440F64A498A}
	EndGlobalSection
EndGlobal
