
Microsoft Visual Studio Solution File, Format Version 12.00
# Visual Studio Version 17
VisualStudioVersion = 17.11.35303.130
MinimumVisualStudioVersion = 10.0.40219.1
Project("{FAE04EC0-301F-11D3-BF4B-00C04F79EFBC}") = "Demo_DI_MethodInjection", "Demo_DI_MethodInjection\Demo_DI_MethodInjection.csproj", "{21776709-16BA-488D-98E5-EE0CC5E64A09}"
EndProject
Global
	GlobalSection(SolutionConfigurationPlatforms) = preSolution
		Debug|Any CPU = Debug|Any CPU
		Release|Any CPU = Release|Any CPU
	EndGlobalSection
	GlobalSection(ProjectConfigurationPlatforms) = postSolution
		{21776709-16BA-488D-98E5-EE0CC5E64A09}.Debug|Any CPU.ActiveCfg = Debug|Any CPU
		{21776709-16BA-488D-98E5-EE0CC5E64A09}.Debug|Any CPU.Build.0 = Debug|Any CPU
		{21776709-16BA-488D-98E5-EE0CC5E64A09}.Release|Any CPU.ActiveCfg = Release|Any CPU
		{21776709-16BA-488D-98E5-EE0CC5E64A09}.Release|Any CPU.Build.0 = Release|Any CPU
	EndGlobalSection
	GlobalSection(SolutionProperties) = preSolution
		HideSolutionNode = FALSE
	EndGlobalSection
	GlobalSection(ExtensibilityGlobals) = postSolution
		SolutionGuid = {070C3A73-79A3-47CF-A8FD-4B5577CF9E58}
	EndGlobalSection
EndGlobal
