
Microsoft Visual Studio Solution File, Format Version 12.00
# Visual Studio Version 17
VisualStudioVersion = 17.11.35303.130
MinimumVisualStudioVersion = 10.0.40219.1
Project("{FAE04EC0-301F-11D3-BF4B-00C04F79EFBC}") = "HttpClient Class Demo-01", "HttpClient Class Demo-01\HttpClient Class Demo-01.csproj", "{F1A20927-8C0D-46C4-842B-4CF80DEB6BF4}"
EndProject
Global
	GlobalSection(SolutionConfigurationPlatforms) = preSolution
		Debug|Any CPU = Debug|Any CPU
		Release|Any CPU = Release|Any CPU
	EndGlobalSection
	GlobalSection(ProjectConfigurationPlatforms) = postSolution
		{F1A20927-8C0D-46C4-842B-4CF80DEB6BF4}.Debug|Any CPU.ActiveCfg = Debug|Any CPU
		{F1A20927-8C0D-46C4-842B-4CF80DEB6BF4}.Debug|Any CPU.Build.0 = Debug|Any CPU
		{F1A20927-8C0D-46C4-842B-4CF80DEB6BF4}.Release|Any CPU.ActiveCfg = Release|Any CPU
		{F1A20927-8C0D-46C4-842B-4CF80DEB6BF4}.Release|Any CPU.Build.0 = Release|Any CPU
	EndGlobalSection
	GlobalSection(SolutionProperties) = preSolution
		HideSolutionNode = FALSE
	EndGlobalSection
	GlobalSection(ExtensibilityGlobals) = postSolution
		SolutionGuid = {A07F3848-8B4B-4D67-94BD-A8240D61FD63}
	EndGlobalSection
EndGlobal
