
Microsoft Visual Studio Solution File, Format Version 12.00
# Visual Studio Version 17
VisualStudioVersion = 17.11.35303.130
MinimumVisualStudioVersion = 10.0.40219.1
Project("{FAE04EC0-301F-11D3-BF4B-00C04F79EFBC}") = "Demo_DI_Constructor_Injection", "Demo_DI_Constructor_Injection\Demo_DI_Constructor_Injection.csproj", "{CCCBC2CB-5B5E-4B89-8AEF-91A156CCBE3A}"
EndProject
Global
	GlobalSection(SolutionConfigurationPlatforms) = preSolution
		Debug|Any CPU = Debug|Any CPU
		Release|Any CPU = Release|Any CPU
	EndGlobalSection
	GlobalSection(ProjectConfigurationPlatforms) = postSolution
		{CCCBC2CB-5B5E-4B89-8AEF-91A156CCBE3A}.Debug|Any CPU.ActiveCfg = Debug|Any CPU
		{CCCBC2CB-5B5E-4B89-8AEF-91A156CCBE3A}.Debug|Any CPU.Build.0 = Debug|Any CPU
		{CCCBC2CB-5B5E-4B89-8AEF-91A156CCBE3A}.Release|Any CPU.ActiveCfg = Release|Any CPU
		{CCCBC2CB-5B5E-4B89-8AEF-91A156CCBE3A}.Release|Any CPU.Build.0 = Release|Any CPU
	EndGlobalSection
	GlobalSection(SolutionProperties) = preSolution
		HideSolutionNode = FALSE
	EndGlobalSection
	GlobalSection(ExtensibilityGlobals) = postSolution
		SolutionGuid = {39C91AF1-F357-47B5-B84F-B6D7E7B263E9}
	EndGlobalSection
EndGlobal
